<?xml version="1.0" encoding="UTF-8" standalone="yes" ?>
<CodeBlocks_project_file>
	<FileVersion major="1" minor="6" />
	<Project>
		<Option title="SepplesOS" />
		<Option makefile_is_custom="1" />
		<Option pch_mode="2" />
		<Option compiler="gcc" />
		<Build>
			<Target title="all">
				<Option type="4" />
				<Option compiler="gcc" />
			</Target>
			<Target title="test">
				<Option output="SepplesOS" prefix_auto="1" extension_auto="1" />
				<Option working_dir="" />
				<Option type="5" />
				<Option compiler="gcc" />
			</Target>
			<Target title="release">
				<Option output="SepplesOS" prefix_auto="1" extension_auto="1" />
				<Option working_dir="" />
				<Option type="5" />
				<Option compiler="gcc" />
			</Target>
			<Target title="shell">
				<Option output="SepplesOS" prefix_auto="1" extension_auto="1" />
				<Option working_dir="" />
				<Option type="5" />
				<Option compiler="gcc" />
			</Target>
		</Build>
		<Compiler>
			<Add option="-Wall" />
			<Add option="-fexceptions" />
		</Compiler>
		<Unit filename="kernel/boot.asm" />
		<Unit filename="kernel/error.cpp" />
		<Unit filename="kernel/error.h" />
		<Unit filename="kernel/fs/disk.cpp" />
		<Unit filename="kernel/fs/disk.h" />
		<Unit filename="kernel/fs/ext2.cpp" />
		<Unit filename="kernel/fs/ext2.h" />
		<Unit filename="kernel/fs/filesystem.cpp" />
		<Unit filename="kernel/fs/filesystem.h" />
		<Unit filename="kernel/fs/node.cpp" />
		<Unit filename="kernel/fs/node.h" />
		<Unit filename="kernel/fs/nodeVFS.cpp" />
		<Unit filename="kernel/fs/nodeVFS.h" />
		<Unit filename="kernel/gdt.cpp" />
		<Unit filename="kernel/gdt.h" />
		<Unit filename="kernel/idt.cpp" />
		<Unit filename="kernel/idt.h" />
		<Unit filename="kernel/interrupt.cpp" />
		<Unit filename="kernel/interruptWrapper.asm" />
		<Unit filename="kernel/io.h" />
		<Unit filename="kernel/keyboard.cpp" />
		<Unit filename="kernel/keyboard.h" />
		<Unit filename="kernel/keyboardLayout.h" />
		<Unit filename="kernel/lib/humanReadable.cpp" />
		<Unit filename="kernel/lib/humanReadable.h" />
		<Unit filename="kernel/lib/llist.h" />
		<Unit filename="kernel/lib/string.cpp" />
		<Unit filename="kernel/lib/string.h" />
		<Unit filename="kernel/memmap.h" />
		<Unit filename="kernel/multiboot.cpp" />
		<Unit filename="kernel/multiboot.h" />
		<Unit filename="kernel/paging.cpp" />
		<Unit filename="kernel/paging.h" />
		<Unit filename="kernel/pic.cpp" />
		<Unit filename="kernel/pic.h" />
		<Unit filename="kernel/power.cpp" />
		<Unit filename="kernel/power.h" />
		<Unit filename="kernel/process.cpp" />
		<Unit filename="kernel/process.h" />
		<Unit filename="kernel/screen.cpp" />
		<Unit filename="kernel/screen.h" />
		<Unit filename="kernel/sepples.cpp" />
		<Unit filename="kernel/sepples.h" />
		<Unit filename="kernel/std/limits.h" />
		<Unit filename="kernel/std/types.h" />
		<Unit filename="kernel/supc++/divdi3.cpp" />
		<Unit filename="kernel/supc++/divdi3.h" />
		<Unit filename="kernel/supc++/icxxabi.cpp" />
		<Unit filename="kernel/supc++/icxxabi.h" />
		<Unit filename="kernel/supc++/int_lib.h" />
		<Unit filename="kernel/supc++/udivdi3.cpp" />
		<Unit filename="kernel/supc++/udivdi3.h" />
		<Unit filename="kernel/supc++/udivmoddi4.cpp" />
		<Unit filename="kernel/supc++/udivmoddi4.h" />
		<Unit filename="kernel/supc++/umoddi3.cpp" />
		<Unit filename="kernel/supc++/umoddi3.h" />
		<Unit filename="kernel/syscalls.cpp" />
		<Unit filename="kernel/syscalls.h" />
		<Extensions>
			<code_completion />
			<debugger />
		</Extensions>
	</Project>
</CodeBlocks_project_file>
